<?xml version="1.0" encoding="utf-8"?>
<Project ToolsVersion="4.0" xmlns="http://schemas.microsoft.com/developer/msbuild/2003">
  <ItemGroup>
    <ClCompile Include="src\core\BoxCollider.cpp" />
    <ClCompile Include="src\objects\FamilyCar.cpp" />
    <ClCompile Include="src\scene\FirstAidKit.cpp" />
    <ClCompile Include="src\scene\OxygenTank.cpp" />
    <ClCompile Include="src\scene\Stretcher.cpp" />
    <ClCompile Include="src\objects\WallWithDoor.cpp" />
    <ClCompile Include="src\objects\WallWithHolecpp.cpp" />
    <ClCompile Include="src\scene\Ambulance.cpp" />
    <ClCompile Include="src\scene\CartoonCar.cpp" />
    <ClCompile Include="src\scene\StickMan.cpp" />
    <ClCompile Include="src\scene\TayoBus.cpp" />
    <ClCompile Include="src\scene\Room1.cpp" />
    <ClCompile Include="src\core\Camera.cpp" />
    <ClCompile Include="src\core\Renderer.cpp" />
    <ClCompile Include="src\core\SceneNode.cpp" />
    <ClCompile Include="src\glad.c" />
    <ClCompile Include="src\graphics\Material.cpp" />
    <ClCompile Include="src\graphics\Skybox.cpp" />
    <ClCompile Include="src\graphics\Texture.cpp" />
    <ClCompile Include="src\main.cpp" />
    <ClCompile Include="src\core\Shader.cpp" />
    <ClCompile Include="src\objects\Box.cpp" />
    <ClCompile Include="src\objects\Cylinder.cpp" />
    <ClCompile Include="src\objects\MeshNode.cpp" />
    <ClCompile Include="src\objects\Model.cpp" />
    <ClCompile Include="src\objects\Object.cpp" />
    <ClCompile Include="src\objects\Polygon.cpp" />
    <ClCompile Include="src\scene\Gallery.cpp" />
    <ClCompile Include="src\scene\GalleryShell.cpp" />
    <ClCompile Include="src\scene\MainCar.cpp" />
    <ClCompile Include="src\scene\Room2.cpp" />
    <ClCompile Include="src\scene\Room3.cpp" />
    <ClCompile Include="src\scene\Room4.cpp" />
    <ClCompile Include="src\scene\Surroundings.cpp" />
    <ClCompile Include="src\scene\World.cpp" />
    <ClCompile Include="src\utils\Mesh.cpp" />
    <ClCompile Include="src\core\AudioSystem.cpp" />
  </ItemGroup>
  <ItemGroup>
    <ClInclude Include="include\core\Camera.h" />
    <ClInclude Include="include\core\BoxCollider.h" />
    <ClInclude Include="include\core\Collision.h" />
    <ClInclude Include="include\core\LightNode.h" />
    <ClInclude Include="include\core\Renderer.h" />
    <ClInclude Include="include\core\Shader.h" />
    <ClInclude Include="include\core\Units.h" />
    <ClInclude Include="include\graphics\Lights.h" />
    <ClInclude Include="include\graphics\Material.h" />
    <ClInclude Include="include\graphics\Skybox.h" />
    <ClInclude Include="include\graphics\Texture.h" />
    <ClInclude Include="include\objects\Box.h" />
    <ClInclude Include="include\objects\Cylinder.h" />
    <ClInclude Include="include\objects\FamilyCar.h" />
    <ClInclude Include="include\scene\FirstAidKit.h" />
    <ClInclude Include="include\objects\MeshNode.h" />
    <ClInclude Include="include\objects\Model.h" />
    <ClInclude Include="include\objects\Object.h" />
    <ClInclude Include="include\core\SceneNode.h" />
    <ClInclude Include="include\scene\OxygenTank.h" />
    <ClInclude Include="include\objects\Polygon.h" />
    <ClInclude Include="include\scene\Stretcher.h" />
    <ClInclude Include="include\objects\WallWithDoor.h" />
    <ClInclude Include="include\objects\WallWithHole.h" />
    <ClInclude Include="include\scene\Ambulance.h" />
    <ClInclude Include="include\scene\CartoonCar.h" />
    <ClInclude Include="include\scene\StickMan.h" />
    <ClInclude Include="include\scene\TayoBus.h" />
    <ClInclude Include="include\scene\Gallery.h" />
    <ClInclude Include="include\scene\GalleryShell.h" />
    <ClInclude Include="include\scene\MainCar.h" />
    <ClInclude Include="include\scene\Room1.h" />
    <ClInclude Include="include\scene\Room2.h" />
    <ClInclude Include="include\scene\Room3.h" />
    <ClInclude Include="include\scene\Room4.h" />
    <ClInclude Include="include\scene\RoomBase.h" />
    <ClInclude Include="include\scene\Surroundings.h" />
    <ClInclude Include="include\utils\Mesh.h" />
    <ClInclude Include="include\scene\World.h" />
    <ClInclude Include="..\..\Downloads\miniaudio-master\miniaudio-master\miniaudio.h" />
    <ClInclude Include="include\core\AudioSystem.h" />
  </ItemGroup>
  <ItemGroup>
    <Image Include="..\..\Downloads\back.png" />
    <Image Include="..\..\Downloads\bottom.png" />
    <Image Include="..\..\Downloads\front.png" />
    <Image Include="..\..\Downloads\left.png" />
    <Image Include="..\..\Downloads\right.png" />
    <Image Include="..\..\Downloads\top.png" />
    <Image Include="..\..\Users\danaj\Documents\Textures\Blue.png" />
    <Image Include="..\..\Users\danaj\Documents\Textures\blue_transparent.png" />
    <Image Include="..\..\Users\danaj\Documents\Textures\brick.jpg" />
    <Image Include="..\..\Users\danaj\Documents\Textures\Green.png" />
    <Image Include="..\..\Users\danaj\Documents\Textures\Purple.png" />
    <Image Include="..\..\Users\danaj\Documents\Textures\Red.png" />
    <Image Include="..\..\Users\danaj\Documents\Textures\White.png" />
    <Image Include="..\..\Users\danaj\Documents\Textures\Yellow.png" />
    <Image Include="..\..\Users\danaj\Downloads\window1.png" />
    <Image Include="assets\textures\brick.jpg" />
    <Image Include="assets\textures\cracked-asphalt.jpg" />
    <Image Include="assets\textures\door_frame.png" />
    <Image Include="assets\textures\light-wooden-floor-background.jpg" />
    <Image Include="assets\textures\modern-stone-wall.jpg" />
    <Image Include="assets\textures\props\oxygen\green.png" />
    <Image Include="assets\textures\props\oxygen\metal.png" />
    <Image Include="assets\textures\props\oxygen\pressure.png" />
    <Image Include="assets\textures\props\oxygen\round_metal.png" />
    <Image Include="assets\textures\props\oxygen\tank_green.png" />
    <Image Include="assets\textures\Purple.png" />
    <Image Include="assets\textures\Red.png" />
    <Image Include="assets\textures\skybox\back.png" />
    <Image Include="assets\textures\skybox\bottom.png" />
    <Image Include="assets\textures\skybox\front.png" />
    <Image Include="assets\textures\skybox\left.png" />
    <Image Include="assets\textures\skybox\right.png" />
    <Image Include="assets\textures\skybox\top.png" />
    <Image Include="assets\textures\white-building.jpg" />
    <Image Include="assets\textures\White.png" />
    <Image Include="assets\textures\window1.png" />
    <Image Include="assets\textures\Yellow.png" />
  </ItemGroup>
  <ItemGroup>
    <None Include="shaders\basic_shader.frag" />
    <None Include="shaders\basic_shader.vert" />
    <None Include="shaders\light_shader.frag" />
    <None Include="shaders\light_shader.vert" />
    <None Include="shaders\mesh_shader.frag" />
    <None Include="shaders\mesh_shader.vert" />
    <None Include="shaders\skybox.frag" />
    <None Include="shaders\skybox.vert" />
  </ItemGroup>
</Project>