<?xml version="1.0" encoding="utf-8"?>
<Project ToolsVersion="4.0" xmlns="http://schemas.microsoft.com/developer/msbuild/2003">
  <ItemGroup>
    <ClCompile Include="src\core\Camera.cpp" />
    <ClCompile Include="src\core\Renderer.cpp" />
    <ClCompile Include="src\core\SceneNode.cpp" />
    <ClCompile Include="src\glad.c" />
    <ClCompile Include="src\graphics\Material.cpp" />
    <ClCompile Include="src\graphics\Skybox.cpp" />
    <ClCompile Include="src\graphics\Texture.cpp" />
    <ClCompile Include="src\main.cpp" />
    <ClCompile Include="src\core\Shader.cpp" />
    <ClCompile Include="src\objects\Box.cpp" />
    <ClCompile Include="src\objects\Cylinder.cpp" />
    <ClCompile Include="src\objects\MeshNode.cpp" />
    <ClCompile Include="src\objects\Model.cpp" />
    <ClCompile Include="src\objects\Object.cpp" />
    <ClCompile Include="src\objects\Polygon.cpp" />
    <ClCompile Include="src\utils\Mesh.cpp" />
  </ItemGroup>
  <ItemGroup>
    <ClInclude Include="include\core\Camera.h" />
    <ClInclude Include="include\core\Renderer.h" />
    <ClInclude Include="include\core\Shader.h" />
    <ClInclude Include="include\graphics\Lights.h" />
    <ClInclude Include="include\graphics\Material.h" />
    <ClInclude Include="include\graphics\Skybox.h" />
    <ClInclude Include="include\graphics\Texture.h" />
    <ClInclude Include="include\objects\Box.h" />
    <ClInclude Include="include\objects\Cylinder.h" />
    <ClInclude Include="include\objects\MeshNode.h" />
    <ClInclude Include="include\objects\Model.h" />
    <ClInclude Include="include\objects\Object.h" />
    <ClInclude Include="include\core\SceneNode.h" />
    <ClInclude Include="include\objects\Polygon.h" />
    <ClInclude Include="include\utils\Mesh.h" />
  </ItemGroup>
  <ItemGroup>
    <Image Include="..\..\Downloads\back.png" />
    <Image Include="..\..\Downloads\bottom.png" />
    <Image Include="..\..\Downloads\front.png" />
    <Image Include="..\..\Downloads\left.png" />
    <Image Include="..\..\Downloads\right.png" />
    <Image Include="..\..\Downloads\top.png" />
    <Image Include="..\..\Users\danaj\Documents\Textures\Blue.png" />
    <Image Include="..\..\Users\danaj\Documents\Textures\blue_transparent.png" />
    <Image Include="..\..\Users\danaj\Documents\Textures\brick.jpg" />
    <Image Include="..\..\Users\danaj\Documents\Textures\Green.png" />
    <Image Include="..\..\Users\danaj\Documents\Textures\Purple.png" />
    <Image Include="..\..\Users\danaj\Documents\Textures\Red.png" />
    <Image Include="..\..\Users\danaj\Documents\Textures\White.png" />
    <Image Include="..\..\Users\danaj\Documents\Textures\Yellow.png" />
    <Image Include="assets\textures\skybox\back.png" />
    <Image Include="assets\textures\skybox\bottom.png" />
    <Image Include="assets\textures\skybox\front.png" />
    <Image Include="assets\textures\skybox\left.png" />
    <Image Include="assets\textures\skybox\right.png" />
    <Image Include="assets\textures\skybox\top.png" />
  </ItemGroup>
  <ItemGroup>
    <None Include="shaders\basic_shader.frag" />
    <None Include="shaders\basic_shader.vert" />
    <None Include="shaders\light_shader.frag" />
    <None Include="shaders\light_shader.vert" />
    <None Include="shaders\mesh_shader.frag" />
    <None Include="shaders\mesh_shader.vert" />
    <None Include="shaders\skybox.frag" />
    <None Include="shaders\skybox.vert" />
  </ItemGroup>
</Project>